
Microsoft Visual Studio Solution File, Format Version 12.00
# Visual Studio Version 17
VisualStudioVersion = 17.10.35122.118
MinimumVisualStudioVersion = 10.0.40219.1
Project("{FAE04EC0-301F-11D3-BF4B-00C04F79EFBC}") = "TextEditor", "TextEditor.csproj", "{582E9C68-8067-4674-99B6-63DF1D926B23}"
EndProject
Global
	GlobalSection(SolutionConfigurationPlatforms) = preSolution
		Debug|Any CPU = Debug|Any CPU
		Release|Any CPU = Release|Any CPU
	EndGlobalSection
	GlobalSection(ProjectConfigurationPlatforms) = postSolution
		{582E9C68-8067-4674-99B6-63DF1D926B23}.Debug|Any CPU.ActiveCfg = Debug|Any CPU
		{582E9C68-8067-4674-99B6-63DF1D926B23}.Debug|Any CPU.Build.0 = Debug|Any CPU
		{582E9C68-8067-4674-99B6-63DF1D926B23}.Release|Any CPU.ActiveCfg = Release|Any CPU
		{582E9C68-8067-4674-99B6-63DF1D926B23}.Release|Any CPU.Build.0 = Release|Any CPU
	EndGlobalSection
	GlobalSection(SolutionProperties) = preSolution
		HideSolutionNode = FALSE
	EndGlobalSection
	GlobalSection(ExtensibilityGlobals) = postSolution
		SolutionGuid = {0EB66907-7B41-4B02-93B6-18257AB6E13F}
	EndGlobalSection
EndGlobal
